// !$*UTF8*$!
{
	archiveVersion = 1;
	classes = {
	};
	objectVersion = 56;
	objects = {

/* Begin PBXBuildFile section */
		E84DCA732CBD56D80029CE01 /* AppDelegate.swift in Sources */ = {isa = PBXBuildFile; fileRef = E84DCA722CBD56D80029CE01 /* AppDelegate.swift */; };
		E84DCA752CBD56D80029CE01 /* SceneDelegate.swift in Sources */ = {isa = PBXBuildFile; fileRef = E84DCA742CBD56D80029CE01 /* SceneDelegate.swift */; };
		E84DCA772CBD56D80029CE01 /* IniciarSesionViewController.swift in Sources */ = {isa = PBXBuildFile; fileRef = E84DCA762CBD56D80029CE01 /* IniciarSesionViewController.swift */; };
		E84DCA7A2CBD56D80029CE01 /* Base in Resources */ = {isa = PBXBuildFile; fileRef = E84DCA792CBD56D80029CE01 /* Base */; };
		E84DCA7C2CBD56DA0029CE01 /* Assets.xcassets in Resources */ = {isa = PBXBuildFile; fileRef = E84DCA7B2CBD56DA0029CE01 /* Assets.xcassets */; };
		E84DCA7F2CBD56DA0029CE01 /* Base in Resources */ = {isa = PBXBuildFile; fileRef = E84DCA7E2CBD56DA0029CE01 /* Base */; };
		E84DCA8A2CBD62EE0029CE01 /* FirebaseAnalytics in Frameworks */ = {isa = PBXBuildFile; productRef = E84DCA892CBD62EE0029CE01 /* FirebaseAnalytics */; };
		E84DCA8C2CBD62EE0029CE01 /* FirebaseAnalyticsOnDeviceConversion in Frameworks */ = {isa = PBXBuildFile; productRef = E84DCA8B2CBD62EE0029CE01 /* FirebaseAnalyticsOnDeviceConversion */; };
		E84DCA8E2CBD62EE0029CE01 /* FirebaseAnalyticsWithoutAdIdSupport in Frameworks */ = {isa = PBXBuildFile; productRef = E84DCA8D2CBD62EE0029CE01 /* FirebaseAnalyticsWithoutAdIdSupport */; };
		E84DCA902CBD62EE0029CE01 /* FirebaseAppCheck in Frameworks */ = {isa = PBXBuildFile; productRef = E84DCA8F2CBD62EE0029CE01 /* FirebaseAppCheck */; };
		E84DCA922CBD62EE0029CE01 /* FirebaseAppDistribution-Beta in Frameworks */ = {isa = PBXBuildFile; productRef = E84DCA912CBD62EE0029CE01 /* FirebaseAppDistribution-Beta */; };
		E84DCA942CBD62EE0029CE01 /* FirebaseAuth in Frameworks */ = {isa = PBXBuildFile; productRef = E84DCA932CBD62EE0029CE01 /* FirebaseAuth */; };
		E84DCA962CBD62EE0029CE01 /* FirebaseAuthCombine-Community in Frameworks */ = {isa = PBXBuildFile; productRef = E84DCA952CBD62EE0029CE01 /* FirebaseAuthCombine-Community */; };
		E84DCA982CBD62EE0029CE01 /* FirebaseCore in Frameworks */ = {isa = PBXBuildFile; productRef = E84DCA972CBD62EE0029CE01 /* FirebaseCore */; };
		E84DCA9A2CBD62EE0029CE01 /* FirebaseCrashlytics in Frameworks */ = {isa = PBXBuildFile; productRef = E84DCA992CBD62EE0029CE01 /* FirebaseCrashlytics */; };
		E84DCA9C2CBD62EE0029CE01 /* FirebaseDatabase in Frameworks */ = {isa = PBXBuildFile; productRef = E84DCA9B2CBD62EE0029CE01 /* FirebaseDatabase */; };
		E84DCA9E2CBD62EE0029CE01 /* FirebaseDynamicLinks in Frameworks */ = {isa = PBXBuildFile; productRef = E84DCA9D2CBD62EE0029CE01 /* FirebaseDynamicLinks */; };
		E84DCAA02CBD62EE0029CE01 /* FirebaseFirestore in Frameworks */ = {isa = PBXBuildFile; productRef = E84DCA9F2CBD62EE0029CE01 /* FirebaseFirestore */; };
		E84DCAA22CBD62EE0029CE01 /* FirebaseFirestoreCombine-Community in Frameworks */ = {isa = PBXBuildFile; productRef = E84DCAA12CBD62EE0029CE01 /* FirebaseFirestoreCombine-Community */; };
		E84DCAA42CBD62EE0029CE01 /* FirebaseFunctions in Frameworks */ = {isa = PBXBuildFile; productRef = E84DCAA32CBD62EE0029CE01 /* FirebaseFunctions */; };
		E84DCAA62CBD62EE0029CE01 /* FirebaseFunctionsCombine-Community in Frameworks */ = {isa = PBXBuildFile; productRef = E84DCAA52CBD62EE0029CE01 /* FirebaseFunctionsCombine-Community */; };
		E84DCAAA2CBD62EE0029CE01 /* FirebaseInstallations in Frameworks */ = {isa = PBXBuildFile; productRef = E84DCAA92CBD62EE0029CE01 /* FirebaseInstallations */; };
		E84DCAAC2CBD62EE0029CE01 /* FirebaseMLModelDownloader in Frameworks */ = {isa = PBXBuildFile; productRef = E84DCAAB2CBD62EE0029CE01 /* FirebaseMLModelDownloader */; };
		E84DCAB02CBD62EE0029CE01 /* FirebasePerformance in Frameworks */ = {isa = PBXBuildFile; productRef = E84DCAAF2CBD62EE0029CE01 /* FirebasePerformance */; };
		E84DCAB22CBD62EE0029CE01 /* FirebaseRemoteConfig in Frameworks */ = {isa = PBXBuildFile; productRef = E84DCAB12CBD62EE0029CE01 /* FirebaseRemoteConfig */; };
		E84DCAB42CBD62EE0029CE01 /* FirebaseStorage in Frameworks */ = {isa = PBXBuildFile; productRef = E84DCAB32CBD62EE0029CE01 /* FirebaseStorage */; };
		E84DCAB62CBD62EE0029CE01 /* FirebaseStorageCombine-Community in Frameworks */ = {isa = PBXBuildFile; productRef = E84DCAB52CBD62EE0029CE01 /* FirebaseStorageCombine-Community */; };
		E84DCAB82CBD62EE0029CE01 /* FirebaseVertexAI-Preview in Frameworks */ = {isa = PBXBuildFile; productRef = E84DCAB72CBD62EE0029CE01 /* FirebaseVertexAI-Preview */; };
		E88F36342CC4AD4700B541BD /* GoogleSignIn in Frameworks */ = {isa = PBXBuildFile; productRef = E88F36332CC4AD4700B541BD /* GoogleSignIn */; };
		E88F36362CC4AD4700B541BD /* GoogleSignInSwift in Frameworks */ = {isa = PBXBuildFile; productRef = E88F36352CC4AD4700B541BD /* GoogleSignInSwift */; };
		E8C16C462CBDC14A00B91471 /* GoogleService-Info.plist in Resources */ = {isa = PBXBuildFile; fileRef = E8C16C452CBDC14A00B91471 /* GoogleService-Info.plist */; };
/* End PBXBuildFile section */

/* Begin PBXFileReference section */
		E84DCA6F2CBD56D80029CE01 /* BozaSnapchat.app */ = {isa = PBXFileReference; explicitFileType = wrapper.application; includeInIndex = 0; path = BozaSnapchat.app; sourceTree = BUILT_PRODUCTS_DIR; };
		E84DCA722CBD56D80029CE01 /* AppDelegate.swift */ = {isa = PBXFileReference; lastKnownFileType = sourcecode.swift; path = AppDelegate.swift; sourceTree = "<group>"; };
		E84DCA742CBD56D80029CE01 /* SceneDelegate.swift */ = {isa = PBXFileReference; lastKnownFileType = sourcecode.swift; path = SceneDelegate.swift; sourceTree = "<group>"; };
		E84DCA762CBD56D80029CE01 /* IniciarSesionViewController.swift */ = {isa = PBXFileReference; lastKnownFileType = sourcecode.swift; path = IniciarSesionViewController.swift; sourceTree = "<group>"; };
		E84DCA792CBD56D80029CE01 /* Base */ = {isa = PBXFileReference; lastKnownFileType = file.storyboard; name = Base; path = Base.lproj/Main.storyboard; sourceTree = "<group>"; };
		E84DCA7B2CBD56DA0029CE01 /* Assets.xcassets */ = {isa = PBXFileReference; lastKnownFileType = folder.assetcatalog; path = Assets.xcassets; sourceTree = "<group>"; };
		E84DCA7E2CBD56DA0029CE01 /* Base */ = {isa = PBXFileReference; lastKnownFileType = file.storyboard; name = Base; path = Base.lproj/LaunchScreen.storyboard; sourceTree = "<group>"; };
		E84DCA802CBD56DA0029CE01 /* Info.plist */ = {isa = PBXFileReference; lastKnownFileType = text.plist.xml; path = Info.plist; sourceTree = "<group>"; };
		E8C16C452CBDC14A00B91471 /* GoogleService-Info.plist */ = {isa = PBXFileReference; fileEncoding = 4; lastKnownFileType = text.plist.xml; path = "GoogleService-Info.plist"; sourceTree = "<group>"; };
/* End PBXFileReference section */

/* Begin PBXFrameworksBuildPhase section */
		E84DCA6C2CBD56D80029CE01 /* Frameworks */ = {
			isa = PBXFrameworksBuildPhase;
			buildActionMask = 2147483647;
			files = (
				E84DCAB82CBD62EE0029CE01 /* FirebaseVertexAI-Preview in Frameworks */,
				E84DCAA22CBD62EE0029CE01 /* FirebaseFirestoreCombine-Community in Frameworks */,
				E84DCAA42CBD62EE0029CE01 /* FirebaseFunctions in Frameworks */,
				E88F36362CC4AD4700B541BD /* GoogleSignInSwift in Frameworks */,
				E84DCAB02CBD62EE0029CE01 /* FirebasePerformance in Frameworks */,
				E84DCAB62CBD62EE0029CE01 /* FirebaseStorageCombine-Community in Frameworks */,
				E84DCAB22CBD62EE0029CE01 /* FirebaseRemoteConfig in Frameworks */,
				E84DCA9C2CBD62EE0029CE01 /* FirebaseDatabase in Frameworks */,
				E84DCA9E2CBD62EE0029CE01 /* FirebaseDynamicLinks in Frameworks */,
				E84DCA902CBD62EE0029CE01 /* FirebaseAppCheck in Frameworks */,
				E84DCA942CBD62EE0029CE01 /* FirebaseAuth in Frameworks */,
				E84DCA8A2CBD62EE0029CE01 /* FirebaseAnalytics in Frameworks */,
				E84DCAA02CBD62EE0029CE01 /* FirebaseFirestore in Frameworks */,
				E84DCAAA2CBD62EE0029CE01 /* FirebaseInstallations in Frameworks */,
				E84DCAA62CBD62EE0029CE01 /* FirebaseFunctionsCombine-Community in Frameworks */,
				E84DCA922CBD62EE0029CE01 /* FirebaseAppDistribution-Beta in Frameworks */,
				E84DCA8E2CBD62EE0029CE01 /* FirebaseAnalyticsWithoutAdIdSupport in Frameworks */,
				E84DCA962CBD62EE0029CE01 /* FirebaseAuthCombine-Community in Frameworks */,
				E88F36342CC4AD4700B541BD /* GoogleSignIn in Frameworks */,
				E84DCA9A2CBD62EE0029CE01 /* FirebaseCrashlytics in Frameworks */,
				E84DCAAC2CBD62EE0029CE01 /* FirebaseMLModelDownloader in Frameworks */,
				E84DCAB42CBD62EE0029CE01 /* FirebaseStorage in Frameworks */,
				E84DCA982CBD62EE0029CE01 /* FirebaseCore in Frameworks */,
				E84DCA8C2CBD62EE0029CE01 /* FirebaseAnalyticsOnDeviceConversion in Frameworks */,
			);
			runOnlyForDeploymentPostprocessing = 0;
		};
/* End PBXFrameworksBuildPhase section */

/* Begin PBXGroup section */
		E84DCA662CBD56D80029CE01 = {
			isa = PBXGroup;
			children = (
				E84DCA712CBD56D80029CE01 /* BozaSnapchat */,
				E84DCA702CBD56D80029CE01 /* Products */,
			);
			sourceTree = "<group>";
		};
		E84DCA702CBD56D80029CE01 /* Products */ = {
			isa = PBXGroup;
			children = (
				E84DCA6F2CBD56D80029CE01 /* BozaSnapchat.app */,
			);
			name = Products;
			sourceTree = "<group>";
		};
		E84DCA712CBD56D80029CE01 /* BozaSnapchat */ = {
			isa = PBXGroup;
			children = (
				E84DCA722CBD56D80029CE01 /* AppDelegate.swift */,
				E84DCA742CBD56D80029CE01 /* SceneDelegate.swift */,
				E84DCA762CBD56D80029CE01 /* IniciarSesionViewController.swift */,
				E84DCA782CBD56D80029CE01 /* Main.storyboard */,
				E84DCA7B2CBD56DA0029CE01 /* Assets.xcassets */,
				E84DCA7D2CBD56DA0029CE01 /* LaunchScreen.storyboard */,
				E84DCA802CBD56DA0029CE01 /* Info.plist */,
				E8C16C452CBDC14A00B91471 /* GoogleService-Info.plist */,
			);
			path = BozaSnapchat;
			sourceTree = "<group>";
		};
/* End PBXGroup section */

/* Begin PBXNativeTarget section */
		E84DCA6E2CBD56D80029CE01 /* BozaSnapchat */ = {
			isa = PBXNativeTarget;
			buildConfigurationList = E84DCA832CBD56DA0029CE01 /* Build configuration list for PBXNativeTarget "BozaSnapchat" */;
			buildPhases = (
				E84DCA6B2CBD56D80029CE01 /* Sources */,
				E84DCA6C2CBD56D80029CE01 /* Frameworks */,
				E84DCA6D2CBD56D80029CE01 /* Resources */,
			);
			buildRules = (
			);
			dependencies = (
			);
			name = BozaSnapchat;
			packageProductDependencies = (
				E84DCA892CBD62EE0029CE01 /* FirebaseAnalytics */,
				E84DCA8B2CBD62EE0029CE01 /* FirebaseAnalyticsOnDeviceConversion */,
				E84DCA8D2CBD62EE0029CE01 /* FirebaseAnalyticsWithoutAdIdSupport */,
				E84DCA8F2CBD62EE0029CE01 /* FirebaseAppCheck */,
				E84DCA912CBD62EE0029CE01 /* FirebaseAppDistribution-Beta */,
				E84DCA932CBD62EE0029CE01 /* FirebaseAuth */,
				E84DCA952CBD62EE0029CE01 /* FirebaseAuthCombine-Community */,
				E84DCA972CBD62EE0029CE01 /* FirebaseCore */,
				E84DCA992CBD62EE0029CE01 /* FirebaseCrashlytics */,
				E84DCA9B2CBD62EE0029CE01 /* FirebaseDatabase */,
				E84DCA9D2CBD62EE0029CE01 /* FirebaseDynamicLinks */,
				E84DCA9F2CBD62EE0029CE01 /* FirebaseFirestore */,
				E84DCAA12CBD62EE0029CE01 /* FirebaseFirestoreCombine-Community */,
				E84DCAA32CBD62EE0029CE01 /* FirebaseFunctions */,
				E84DCAA52CBD62EE0029CE01 /* FirebaseFunctionsCombine-Community */,
				E84DCAA92CBD62EE0029CE01 /* FirebaseInstallations */,
				E84DCAAB2CBD62EE0029CE01 /* FirebaseMLModelDownloader */,
				E84DCAAF2CBD62EE0029CE01 /* FirebasePerformance */,
				E84DCAB12CBD62EE0029CE01 /* FirebaseRemoteConfig */,
				E84DCAB32CBD62EE0029CE01 /* FirebaseStorage */,
				E84DCAB52CBD62EE0029CE01 /* FirebaseStorageCombine-Community */,
				E84DCAB72CBD62EE0029CE01 /* FirebaseVertexAI-Preview */,
				E88F36332CC4AD4700B541BD /* GoogleSignIn */,
				E88F36352CC4AD4700B541BD /* GoogleSignInSwift */,
			);
			productName = BozaSnapchat;
			productReference = E84DCA6F2CBD56D80029CE01 /* BozaSnapchat.app */;
			productType = "com.apple.product-type.application";
		};
/* End PBXNativeTarget section */

/* Begin PBXProject section */
		E84DCA672CBD56D80029CE01 /* Project object */ = {
			isa = PBXProject;
			attributes = {
				BuildIndependentTargetsInParallel = 1;
				LastSwiftUpdateCheck = 1540;
				LastUpgradeCheck = 1540;
				TargetAttributes = {
					E84DCA6E2CBD56D80029CE01 = {
						CreatedOnToolsVersion = 15.4;
					};
				};
			};
			buildConfigurationList = E84DCA6A2CBD56D80029CE01 /* Build configuration list for PBXProject "BozaSnapchat" */;
			compatibilityVersion = "Xcode 14.0";
			developmentRegion = en;
			hasScannedForEncodings = 0;
			knownRegions = (
				en,
				Base,
			);
			mainGroup = E84DCA662CBD56D80029CE01;
			packageReferences = (
				E84DCA882CBD62EE0029CE01 /* XCRemoteSwiftPackageReference "firebase-ios-sdk" */,
				E88F36322CC4AD4700B541BD /* XCRemoteSwiftPackageReference "GoogleSignIn-iOS" */,
			);
			productRefGroup = E84DCA702CBD56D80029CE01 /* Products */;
			projectDirPath = "";
			projectRoot = "";
			targets = (
				E84DCA6E2CBD56D80029CE01 /* BozaSnapchat */,
			);
		};
/* End PBXProject section */

/* Begin PBXResourcesBuildPhase section */
		E84DCA6D2CBD56D80029CE01 /* Resources */ = {
			isa = PBXResourcesBuildPhase;
			buildActionMask = 2147483647;
			files = (
				E84DCA7C2CBD56DA0029CE01 /* Assets.xcassets in Resources */,
				E84DCA7F2CBD56DA0029CE01 /* Base in Resources */,
				E84DCA7A2CBD56D80029CE01 /* Base in Resources */,
				E8C16C462CBDC14A00B91471 /* GoogleService-Info.plist in Resources */,
			);
			runOnlyForDeploymentPostprocessing = 0;
		};
/* End PBXResourcesBuildPhase section */

/* Begin PBXSourcesBuildPhase section */
		E84DCA6B2CBD56D80029CE01 /* Sources */ = {
			isa = PBXSourcesBuildPhase;
			buildActionMask = 2147483647;
			files = (
				E84DCA772CBD56D80029CE01 /* IniciarSesionViewController.swift in Sources */,
				E84DCA732CBD56D80029CE01 /* AppDelegate.swift in Sources */,
				E84DCA752CBD56D80029CE01 /* SceneDelegate.swift in Sources */,
			);
			runOnlyForDeploymentPostprocessing = 0;
		};
/* End PBXSourcesBuildPhase section */

/* Begin PBXVariantGroup section */
		E84DCA782CBD56D80029CE01 /* Main.storyboard */ = {
			isa = PBXVariantGroup;
			children = (
				E84DCA792CBD56D80029CE01 /* Base */,
			);
			name = Main.storyboard;
			sourceTree = "<group>";
		};
		E84DCA7D2CBD56DA0029CE01 /* LaunchScreen.storyboard */ = {
			isa = PBXVariantGroup;
			children = (
				E84DCA7E2CBD56DA0029CE01 /* Base */,
			);
			name = LaunchScreen.storyboard;
			sourceTree = "<group>";
		};
/* End PBXVariantGroup section */

/* Begin XCBuildConfiguration section */
		E84DCA812CBD56DA0029CE01 /* Debug */ = {
			isa = XCBuildConfiguration;
			buildSettings = {
				ALWAYS_SEARCH_USER_PATHS = NO;
				ASSETCATALOG_COMPILER_GENERATE_SWIFT_ASSET_SYMBOL_EXTENSIONS = YES;
				CLANG_ANALYZER_NONNULL = YES;
				CLANG_ANALYZER_NUMBER_OBJECT_CONVERSION = YES_AGGRESSIVE;
				CLANG_CXX_LANGUAGE_STANDARD = "gnu++20";
				CLANG_ENABLE_MODULES = YES;
				CLANG_ENABLE_OBJC_ARC = YES;
				CLANG_ENABLE_OBJC_WEAK = YES;
				CLANG_WARN_BLOCK_CAPTURE_AUTORELEASING = YES;
				CLANG_WARN_BOOL_CONVERSION = YES;
				CLANG_WARN_COMMA = YES;
				CLANG_WARN_CONSTANT_CONVERSION = YES;
				CLANG_WARN_DEPRECATED_OBJC_IMPLEMENTATIONS = YES;
				CLANG_WARN_DIRECT_OBJC_ISA_USAGE = YES_ERROR;
				CLANG_WARN_DOCUMENTATION_COMMENTS = YES;
				CLANG_WARN_EMPTY_BODY = YES;
				CLANG_WARN_ENUM_CONVERSION = YES;
				CLANG_WARN_INFINITE_RECURSION = YES;
				CLANG_WARN_INT_CONVERSION = YES;
				CLANG_WARN_NON_LITERAL_NULL_CONVERSION = YES;
				CLANG_WARN_OBJC_IMPLICIT_RETAIN_SELF = YES;
				CLANG_WARN_OBJC_LITERAL_CONVERSION = YES;
				CLANG_WARN_OBJC_ROOT_CLASS = YES_ERROR;
				CLANG_WARN_QUOTED_INCLUDE_IN_FRAMEWORK_HEADER = YES;
				CLANG_WARN_RANGE_LOOP_ANALYSIS = YES;
				CLANG_WARN_STRICT_PROTOTYPES = YES;
				CLANG_WARN_SUSPICIOUS_MOVE = YES;
				CLANG_WARN_UNGUARDED_AVAILABILITY = YES_AGGRESSIVE;
				CLANG_WARN_UNREACHABLE_CODE = YES;
				CLANG_WARN__DUPLICATE_METHOD_MATCH = YES;
				COPY_PHASE_STRIP = NO;
				DEBUG_INFORMATION_FORMAT = dwarf;
				ENABLE_STRICT_OBJC_MSGSEND = YES;
				ENABLE_TESTABILITY = YES;
				ENABLE_USER_SCRIPT_SANDBOXING = YES;
				GCC_C_LANGUAGE_STANDARD = gnu17;
				GCC_DYNAMIC_NO_PIC = NO;
				GCC_NO_COMMON_BLOCKS = YES;
				GCC_OPTIMIZATION_LEVEL = 0;
				GCC_PREPROCESSOR_DEFINITIONS = (
					"DEBUG=1",
					"$(inherited)",
				);
				GCC_WARN_64_TO_32_BIT_CONVERSION = YES;
				GCC_WARN_ABOUT_RETURN_TYPE = YES_ERROR;
				GCC_WARN_UNDECLARED_SELECTOR = YES;
				GCC_WARN_UNINITIALIZED_AUTOS = YES_AGGRESSIVE;
				GCC_WARN_UNUSED_FUNCTION = YES;
				GCC_WARN_UNUSED_VARIABLE = YES;
				IPHONEOS_DEPLOYMENT_TARGET = 17.5;
				LOCALIZATION_PREFERS_STRING_CATALOGS = YES;
				MTL_ENABLE_DEBUG_INFO = INCLUDE_SOURCE;
				MTL_FAST_MATH = YES;
				ONLY_ACTIVE_ARCH = YES;
				SDKROOT = iphoneos;
				SWIFT_ACTIVE_COMPILATION_CONDITIONS = "DEBUG $(inherited)";
				SWIFT_OPTIMIZATION_LEVEL = "-Onone";
			};
			name = Debug;
		};
		E84DCA822CBD56DA0029CE01 /* Release */ = {
			isa = XCBuildConfiguration;
			buildSettings = {
				ALWAYS_SEARCH_USER_PATHS = NO;
				ASSETCATALOG_COMPILER_GENERATE_SWIFT_ASSET_SYMBOL_EXTENSIONS = YES;
				CLANG_ANALYZER_NONNULL = YES;
				CLANG_ANALYZER_NUMBER_OBJECT_CONVERSION = YES_AGGRESSIVE;
				CLANG_CXX_LANGUAGE_STANDARD = "gnu++20";
				CLANG_ENABLE_MODULES = YES;
				CLANG_ENABLE_OBJC_ARC = YES;
				CLANG_ENABLE_OBJC_WEAK = YES;
				CLANG_WARN_BLOCK_CAPTURE_AUTORELEASING = YES;
				CLANG_WARN_BOOL_CONVERSION = YES;
				CLANG_WARN_COMMA = YES;
				CLANG_WARN_CONSTANT_CONVERSION = YES;
				CLANG_WARN_DEPRECATED_OBJC_IMPLEMENTATIONS = YES;
				CLANG_WARN_DIRECT_OBJC_ISA_USAGE = YES_ERROR;
				CLANG_WARN_DOCUMENTATION_COMMENTS = YES;
				CLANG_WARN_EMPTY_BODY = YES;
				CLANG_WARN_ENUM_CONVERSION = YES;
				CLANG_WARN_INFINITE_RECURSION = YES;
				CLANG_WARN_INT_CONVERSION = YES;
				CLANG_WARN_NON_LITERAL_NULL_CONVERSION = YES;
				CLANG_WARN_OBJC_IMPLICIT_RETAIN_SELF = YES;
				CLANG_WARN_OBJC_LITERAL_CONVERSION = YES;
				CLANG_WARN_OBJC_ROOT_CLASS = YES_ERROR;
				CLANG_WARN_QUOTED_INCLUDE_IN_FRAMEWORK_HEADER = YES;
				CLANG_WARN_RANGE_LOOP_ANALYSIS = YES;
				CLANG_WARN_STRICT_PROTOTYPES = YES;
				CLANG_WARN_SUSPICIOUS_MOVE = YES;
				CLANG_WARN_UNGUARDED_AVAILABILITY = YES_AGGRESSIVE;
				CLANG_WARN_UNREACHABLE_CODE = YES;
				CLANG_WARN__DUPLICATE_METHOD_MATCH = YES;
				COPY_PHASE_STRIP = NO;
				DEBUG_INFORMATION_FORMAT = "dwarf-with-dsym";
				ENABLE_NS_ASSERTIONS = NO;
				ENABLE_STRICT_OBJC_MSGSEND = YES;
				ENABLE_USER_SCRIPT_SANDBOXING = YES;
				GCC_C_LANGUAGE_STANDARD = gnu17;
				GCC_NO_COMMON_BLOCKS = YES;
				GCC_WARN_64_TO_32_BIT_CONVERSION = YES;
				GCC_WARN_ABOUT_RETURN_TYPE = YES_ERROR;
				GCC_WARN_UNDECLARED_SELECTOR = YES;
				GCC_WARN_UNINITIALIZED_AUTOS = YES_AGGRESSIVE;
				GCC_WARN_UNUSED_FUNCTION = YES;
				GCC_WARN_UNUSED_VARIABLE = YES;
				IPHONEOS_DEPLOYMENT_TARGET = 17.5;
				LOCALIZATION_PREFERS_STRING_CATALOGS = YES;
				MTL_ENABLE_DEBUG_INFO = NO;
				MTL_FAST_MATH = YES;
				SDKROOT = iphoneos;
				SWIFT_COMPILATION_MODE = wholemodule;
				VALIDATE_PRODUCT = YES;
			};
			name = Release;
		};
		E84DCA842CBD56DA0029CE01 /* Debug */ = {
			isa = XCBuildConfiguration;
			buildSettings = {
				ASSETCATALOG_COMPILER_APPICON_NAME = AppIcon;
				ASSETCATALOG_COMPILER_GLOBAL_ACCENT_COLOR_NAME = AccentColor;
				CODE_SIGN_STYLE = Automatic;
				CURRENT_PROJECT_VERSION = 1;
				GENERATE_INFOPLIST_FILE = YES;
				INFOPLIST_FILE = BozaSnapchat/Info.plist;
				INFOPLIST_KEY_UIApplicationSupportsIndirectInputEvents = YES;
				INFOPLIST_KEY_UILaunchStoryboardName = LaunchScreen;
				INFOPLIST_KEY_UIMainStoryboardFile = Main;
				INFOPLIST_KEY_UISupportedInterfaceOrientations_iPad = "UIInterfaceOrientationPortrait UIInterfaceOrientationPortraitUpsideDown UIInterfaceOrientationLandscapeLeft UIInterfaceOrientationLandscapeRight";
				INFOPLIST_KEY_UISupportedInterfaceOrientations_iPhone = "UIInterfaceOrientationPortrait UIInterfaceOrientationLandscapeLeft UIInterfaceOrientationLandscapeRight";
				LD_RUNPATH_SEARCH_PATHS = (
					"$(inherited)",
					"@executable_path/Frameworks",
				);
				MARKETING_VERSION = 1.0;
				PRODUCT_BUNDLE_IDENTIFIER = empresa.BozaSnapchat;
				PRODUCT_NAME = "$(TARGET_NAME)";
				SWIFT_EMIT_LOC_STRINGS = YES;
				SWIFT_VERSION = 5.0;
				TARGETED_DEVICE_FAMILY = "1,2";
			};
			name = Debug;
		};
		E84DCA852CBD56DA0029CE01 /* Release */ = {
			isa = XCBuildConfiguration;
			buildSettings = {
				ASSETCATALOG_COMPILER_APPICON_NAME = AppIcon;
				ASSETCATALOG_COMPILER_GLOBAL_ACCENT_COLOR_NAME = AccentColor;
				CODE_SIGN_STYLE = Automatic;
				CURRENT_PROJECT_VERSION = 1;
				GENERATE_INFOPLIST_FILE = YES;
				INFOPLIST_FILE = BozaSnapchat/Info.plist;
				INFOPLIST_KEY_UIApplicationSupportsIndirectInputEvents = YES;
				INFOPLIST_KEY_UILaunchStoryboardName = LaunchScreen;
				INFOPLIST_KEY_UIMainStoryboardFile = Main;
				INFOPLIST_KEY_UISupportedInterfaceOrientations_iPad = "UIInterfaceOrientationPortrait UIInterfaceOrientationPortraitUpsideDown UIInterfaceOrientationLandscapeLeft UIInterfaceOrientationLandscapeRight";
				INFOPLIST_KEY_UISupportedInterfaceOrientations_iPhone = "UIInterfaceOrientationPortrait UIInterfaceOrientationLandscapeLeft UIInterfaceOrientationLandscapeRight";
				LD_RUNPATH_SEARCH_PATHS = (
					"$(inherited)",
					"@executable_path/Frameworks",
				);
				MARKETING_VERSION = 1.0;
				PRODUCT_BUNDLE_IDENTIFIER = empresa.BozaSnapchat;
				PRODUCT_NAME = "$(TARGET_NAME)";
				SWIFT_EMIT_LOC_STRINGS = YES;
				SWIFT_VERSION = 5.0;
				TARGETED_DEVICE_FAMILY = "1,2";
			};
			name = Release;
		};
/* End XCBuildConfiguration section */

/* Begin XCConfigurationList section */
		E84DCA6A2CBD56D80029CE01 /* Build configuration list for PBXProject "BozaSnapchat" */ = {
			isa = XCConfigurationList;
			buildConfigurations = (
				E84DCA812CBD56DA0029CE01 /* Debug */,
				E84DCA822CBD56DA0029CE01 /* Release */,
			);
			defaultConfigurationIsVisible = 0;
			defaultConfigurationName = Release;
		};
		E84DCA832CBD56DA0029CE01 /* Build configuration list for PBXNativeTarget "BozaSnapchat" */ = {
			isa = XCConfigurationList;
			buildConfigurations = (
				E84DCA842CBD56DA0029CE01 /* Debug */,
				E84DCA852CBD56DA0029CE01 /* Release */,
			);
			defaultConfigurationIsVisible = 0;
			defaultConfigurationName = Release;
		};
/* End XCConfigurationList section */

/* Begin XCRemoteSwiftPackageReference section */
		E84DCA882CBD62EE0029CE01 /* XCRemoteSwiftPackageReference "firebase-ios-sdk" */ = {
			isa = XCRemoteSwiftPackageReference;
			repositoryURL = "https://github.com/firebase/firebase-ios-sdk";
			requirement = {
				kind = versionRange;
				maximumVersion = 12.0.0;
				minimumVersion = 11.3.0;
			};
		};
		E88F36322CC4AD4700B541BD /* XCRemoteSwiftPackageReference "GoogleSignIn-iOS" */ = {
			isa = XCRemoteSwiftPackageReference;
			repositoryURL = "https://github.com/google/GoogleSignIn-iOS";
			requirement = {
				kind = upToNextMajorVersion;
				minimumVersion = 8.0.0;
			};
		};
/* End XCRemoteSwiftPackageReference section */

/* Begin XCSwiftPackageProductDependency section */
		E84DCA892CBD62EE0029CE01 /* FirebaseAnalytics */ = {
			isa = XCSwiftPackageProductDependency;
			package = E84DCA882CBD62EE0029CE01 /* XCRemoteSwiftPackageReference "firebase-ios-sdk" */;
			productName = FirebaseAnalytics;
		};
		E84DCA8B2CBD62EE0029CE01 /* FirebaseAnalyticsOnDeviceConversion */ = {
			isa = XCSwiftPackageProductDependency;
			package = E84DCA882CBD62EE0029CE01 /* XCRemoteSwiftPackageReference "firebase-ios-sdk" */;
			productName = FirebaseAnalyticsOnDeviceConversion;
		};
		E84DCA8D2CBD62EE0029CE01 /* FirebaseAnalyticsWithoutAdIdSupport */ = {
			isa = XCSwiftPackageProductDependency;
			package = E84DCA882CBD62EE0029CE01 /* XCRemoteSwiftPackageReference "firebase-ios-sdk" */;
			productName = FirebaseAnalyticsWithoutAdIdSupport;
		};
		E84DCA8F2CBD62EE0029CE01 /* FirebaseAppCheck */ = {
			isa = XCSwiftPackageProductDependency;
			package = E84DCA882CBD62EE0029CE01 /* XCRemoteSwiftPackageReference "firebase-ios-sdk" */;
			productName = FirebaseAppCheck;
		};
		E84DCA912CBD62EE0029CE01 /* FirebaseAppDistribution-Beta */ = {
			isa = XCSwiftPackageProductDependency;
			package = E84DCA882CBD62EE0029CE01 /* XCRemoteSwiftPackageReference "firebase-ios-sdk" */;
			productName = "FirebaseAppDistribution-Beta";
		};
		E84DCA932CBD62EE0029CE01 /* FirebaseAuth */ = {
			isa = XCSwiftPackageProductDependency;
			package = E84DCA882CBD62EE0029CE01 /* XCRemoteSwiftPackageReference "firebase-ios-sdk" */;
			productName = FirebaseAuth;
		};
		E84DCA952CBD62EE0029CE01 /* FirebaseAuthCombine-Community */ = {
			isa = XCSwiftPackageProductDependency;
			package = E84DCA882CBD62EE0029CE01 /* XCRemoteSwiftPackageReference "firebase-ios-sdk" */;
			productName = "FirebaseAuthCombine-Community";
		};
		E84DCA972CBD62EE0029CE01 /* FirebaseCore */ = {
			isa = XCSwiftPackageProductDependency;
			package = E84DCA882CBD62EE0029CE01 /* XCRemoteSwiftPackageReference "firebase-ios-sdk" */;
			productName = FirebaseCore;
		};
		E84DCA992CBD62EE0029CE01 /* FirebaseCrashlytics */ = {
			isa = XCSwiftPackageProductDependency;
			package = E84DCA882CBD62EE0029CE01 /* XCRemoteSwiftPackageReference "firebase-ios-sdk" */;
			productName = FirebaseCrashlytics;
		};
		E84DCA9B2CBD62EE0029CE01 /* FirebaseDatabase */ = {
			isa = XCSwiftPackageProductDependency;
			package = E84DCA882CBD62EE0029CE01 /* XCRemoteSwiftPackageReference "firebase-ios-sdk" */;
			productName = FirebaseDatabase;
		};
		E84DCA9D2CBD62EE0029CE01 /* FirebaseDynamicLinks */ = {
			isa = XCSwiftPackageProductDependency;
			package = E84DCA882CBD62EE0029CE01 /* XCRemoteSwiftPackageReference "firebase-ios-sdk" */;
			productName = FirebaseDynamicLinks;
		};
		E84DCA9F2CBD62EE0029CE01 /* FirebaseFirestore */ = {
			isa = XCSwiftPackageProductDependency;
			package = E84DCA882CBD62EE0029CE01 /* XCRemoteSwiftPackageReference "firebase-ios-sdk" */;
			productName = FirebaseFirestore;
		};
		E84DCAA12CBD62EE0029CE01 /* FirebaseFirestoreCombine-Community */ = {
			isa = XCSwiftPackageProductDependency;
			package = E84DCA882CBD62EE0029CE01 /* XCRemoteSwiftPackageReference "firebase-ios-sdk" */;
			productName = "FirebaseFirestoreCombine-Community";
		};
		E84DCAA32CBD62EE0029CE01 /* FirebaseFunctions */ = {
			isa = XCSwiftPackageProductDependency;
			package = E84DCA882CBD62EE0029CE01 /* XCRemoteSwiftPackageReference "firebase-ios-sdk" */;
			productName = FirebaseFunctions;
		};
		E84DCAA52CBD62EE0029CE01 /* FirebaseFunctionsCombine-Community */ = {
			isa = XCSwiftPackageProductDependency;
			package = E84DCA882CBD62EE0029CE01 /* XCRemoteSwiftPackageReference "firebase-ios-sdk" */;
			productName = "FirebaseFunctionsCombine-Community";
		};
		E84DCAA92CBD62EE0029CE01 /* FirebaseInstallations */ = {
			isa = XCSwiftPackageProductDependency;
			package = E84DCA882CBD62EE0029CE01 /* XCRemoteSwiftPackageReference "firebase-ios-sdk" */;
			productName = FirebaseInstallations;
		};
		E84DCAAB2CBD62EE0029CE01 /* FirebaseMLModelDownloader */ = {
			isa = XCSwiftPackageProductDependency;
			package = E84DCA882CBD62EE0029CE01 /* XCRemoteSwiftPackageReference "firebase-ios-sdk" */;
			productName = FirebaseMLModelDownloader;
		};
		E84DCAAF2CBD62EE0029CE01 /* FirebasePerformance */ = {
			isa = XCSwiftPackageProductDependency;
			package = E84DCA882CBD62EE0029CE01 /* XCRemoteSwiftPackageReference "firebase-ios-sdk" */;
			productName = FirebasePerformance;
		};
		E84DCAB12CBD62EE0029CE01 /* FirebaseRemoteConfig */ = {
			isa = XCSwiftPackageProductDependency;
			package = E84DCA882CBD62EE0029CE01 /* XCRemoteSwiftPackageReference "firebase-ios-sdk" */;
			productName = FirebaseRemoteConfig;
		};
		E84DCAB32CBD62EE0029CE01 /* FirebaseStorage */ = {
			isa = XCSwiftPackageProductDependency;
			package = E84DCA882CBD62EE0029CE01 /* XCRemoteSwiftPackageReference "firebase-ios-sdk" */;
			productName = FirebaseStorage;
		};
		E84DCAB52CBD62EE0029CE01 /* FirebaseStorageCombine-Community */ = {
			isa = XCSwiftPackageProductDependency;
			package = E84DCA882CBD62EE0029CE01 /* XCRemoteSwiftPackageReference "firebase-ios-sdk" */;
			productName = "FirebaseStorageCombine-Community";
		};
		E84DCAB72CBD62EE0029CE01 /* FirebaseVertexAI-Preview */ = {
			isa = XCSwiftPackageProductDependency;
			package = E84DCA882CBD62EE0029CE01 /* XCRemoteSwiftPackageReference "firebase-ios-sdk" */;
			productName = "FirebaseVertexAI-Preview";
		};
		E88F36332CC4AD4700B541BD /* GoogleSignIn */ = {
			isa = XCSwiftPackageProductDependency;
			package = E88F36322CC4AD4700B541BD /* XCRemoteSwiftPackageReference "GoogleSignIn-iOS" */;
			productName = GoogleSignIn;
		};
		E88F36352CC4AD4700B541BD /* GoogleSignInSwift */ = {
			isa = XCSwiftPackageProductDependency;
			package = E88F36322CC4AD4700B541BD /* XCRemoteSwiftPackageReference "GoogleSignIn-iOS" */;
			productName = GoogleSignInSwift;
		};
/* End XCSwiftPackageProductDependency section */
	};
	rootObject = E84DCA672CBD56D80029CE01 /* Project object */;
}
